// !$*UTF8*$!
{
	archiveVersion = 1;
	classes = {
	};
	objectVersion = 50;
	objects = {

/* Begin PBXBuildFile section */
		1118B11525AE45A800C0D100 /* TabBarController.swift in Sources */ = {isa = PBXBuildFile; fileRef = 1118B11425AE45A800C0D100 /* TabBarController.swift */; };
		11EE89B925AE2ADD007DEFEF /* NewIncomeViewController.swift in Sources */ = {isa = PBXBuildFile; fileRef = 11EE89B825AE2ADD007DEFEF /* NewIncomeViewController.swift */; };
		2909377025AF27F7004A0323 /* ExpensesViewController.swift in Sources */ = {isa = PBXBuildFile; fileRef = 2909376F25AF27F7004A0323 /* ExpensesViewController.swift */; };
		2928941025973BE70094A267 /* NewAccountViewController.swift in Sources */ = {isa = PBXBuildFile; fileRef = 2928940F25973BE70094A267 /* NewAccountViewController.swift */; };
		294A593925B02B640062ABCF /* DebtsViewController.swift in Sources */ = {isa = PBXBuildFile; fileRef = 294A593825B02B640062ABCF /* DebtsViewController.swift */; };
		294A593E25B02B960062ABCF /* DebtCollectionViewCell.swift in Sources */ = {isa = PBXBuildFile; fileRef = 294A593D25B02B960062ABCF /* DebtCollectionViewCell.swift */; };
		294A594325B02BAC0062ABCF /* AddDebtViewController.swift in Sources */ = {isa = PBXBuildFile; fileRef = 294A594225B02BAC0062ABCF /* AddDebtViewController.swift */; };
		294A594825B0310E0062ABCF /* utilities.swift in Sources */ = {isa = PBXBuildFile; fileRef = 294A594725B0310E0062ABCF /* utilities.swift */; };
		294C161B25B1926000BCB7C9 /* IncomeTableViewController.swift in Sources */ = {isa = PBXBuildFile; fileRef = 294C161A25B1926000BCB7C9 /* IncomeTableViewController.swift */; };
		29583D5825B08C4F00648543 /* RecentTransactionsCollectionViewCell.swift in Sources */ = {isa = PBXBuildFile; fileRef = 29583D5725B08C4F00648543 /* RecentTransactionsCollectionViewCell.swift */; };
		296F549325A35C8400D3529D /* AccountCollectionViewCell.swift in Sources */ = {isa = PBXBuildFile; fileRef = 296F549225A35C8400D3529D /* AccountCollectionViewCell.swift */; };
		2985C26D25AFF85E0010D887 /* BudgetViewController.swift in Sources */ = {isa = PBXBuildFile; fileRef = 2985C26C25AFF85E0010D887 /* BudgetViewController.swift */; };
		2985C27525AFFCFD0010D887 /* BudgetListViewController.swift in Sources */ = {isa = PBXBuildFile; fileRef = 2985C27425AFFCFD0010D887 /* BudgetListViewController.swift */; };
		2985C28225B0054F0010D887 /* BudgetCollectionViewCell.swift in Sources */ = {isa = PBXBuildFile; fileRef = 2985C28125B0054F0010D887 /* BudgetCollectionViewCell.swift */; };
		29A3D0FF259B61DE006C13E5 /* DashboardViewController.swift in Sources */ = {isa = PBXBuildFile; fileRef = 29A3D0FE259B61DE006C13E5 /* DashboardViewController.swift */; };
		29C5121325AECE08007AFB93 /* SuccessViewController.swift in Sources */ = {isa = PBXBuildFile; fileRef = 29C5121225AECE08007AFB93 /* SuccessViewController.swift */; };
		29F66399259362B8008C48AA /* AppDelegate.swift in Sources */ = {isa = PBXBuildFile; fileRef = 29F66398259362B8008C48AA /* AppDelegate.swift */; };
		29F6639B259362B8008C48AA /* SceneDelegate.swift in Sources */ = {isa = PBXBuildFile; fileRef = 29F6639A259362B8008C48AA /* SceneDelegate.swift */; };
		29F6639D259362B8008C48AA /* ViewController.swift in Sources */ = {isa = PBXBuildFile; fileRef = 29F6639C259362B8008C48AA /* ViewController.swift */; };
		29F663A0259362B8008C48AA /* Main.storyboard in Resources */ = {isa = PBXBuildFile; fileRef = 29F6639E259362B8008C48AA /* Main.storyboard */; };
		29F663A3259362B8008C48AA /* personal_finance_app.xcdatamodeld in Sources */ = {isa = PBXBuildFile; fileRef = 29F663A1259362B8008C48AA /* personal_finance_app.xcdatamodeld */; };
		29F663A5259362B9008C48AA /* Assets.xcassets in Resources */ = {isa = PBXBuildFile; fileRef = 29F663A4259362B9008C48AA /* Assets.xcassets */; };
		29F663A8259362B9008C48AA /* LaunchScreen.storyboard in Resources */ = {isa = PBXBuildFile; fileRef = 29F663A6259362B9008C48AA /* LaunchScreen.storyboard */; };
		29F663B3259362B9008C48AA /* personal_finance_appTests.swift in Sources */ = {isa = PBXBuildFile; fileRef = 29F663B2259362B9008C48AA /* personal_finance_appTests.swift */; };
		29F663BE259362B9008C48AA /* personal_finance_appUITests.swift in Sources */ = {isa = PBXBuildFile; fileRef = 29F663BD259362B9008C48AA /* personal_finance_appUITests.swift */; };
/* End PBXBuildFile section */

/* Begin PBXContainerItemProxy section */
		29F663AF259362B9008C48AA /* PBXContainerItemProxy */ = {
			isa = PBXContainerItemProxy;
			containerPortal = 29F6638D259362B8008C48AA /* Project object */;
			proxyType = 1;
			remoteGlobalIDString = 29F66394259362B8008C48AA;
			remoteInfo = "personal-finance-app";
		};
		29F663BA259362B9008C48AA /* PBXContainerItemProxy */ = {
			isa = PBXContainerItemProxy;
			containerPortal = 29F6638D259362B8008C48AA /* Project object */;
			proxyType = 1;
			remoteGlobalIDString = 29F66394259362B8008C48AA;
			remoteInfo = "personal-finance-app";
		};
/* End PBXContainerItemProxy section */

/* Begin PBXFileReference section */
		1118B11425AE45A800C0D100 /* TabBarController.swift */ = {isa = PBXFileReference; lastKnownFileType = sourcecode.swift; path = TabBarController.swift; sourceTree = "<group>"; };
		11EE89B825AE2ADD007DEFEF /* NewIncomeViewController.swift */ = {isa = PBXFileReference; lastKnownFileType = sourcecode.swift; path = NewIncomeViewController.swift; sourceTree = "<group>"; };
		2909376F25AF27F7004A0323 /* ExpensesViewController.swift */ = {isa = PBXFileReference; lastKnownFileType = sourcecode.swift; path = ExpensesViewController.swift; sourceTree = "<group>"; };
		2928940F25973BE70094A267 /* NewAccountViewController.swift */ = {isa = PBXFileReference; lastKnownFileType = sourcecode.swift; name = NewAccountViewController.swift; path = "personal-finance-app/Controller/NewAccountViewController.swift"; sourceTree = SOURCE_ROOT; };
		294A593825B02B640062ABCF /* DebtsViewController.swift */ = {isa = PBXFileReference; lastKnownFileType = sourcecode.swift; path = DebtsViewController.swift; sourceTree = "<group>"; };
		294A593D25B02B960062ABCF /* DebtCollectionViewCell.swift */ = {isa = PBXFileReference; lastKnownFileType = sourcecode.swift; path = DebtCollectionViewCell.swift; sourceTree = "<group>"; };
		294A594225B02BAC0062ABCF /* AddDebtViewController.swift */ = {isa = PBXFileReference; lastKnownFileType = sourcecode.swift; path = AddDebtViewController.swift; sourceTree = "<group>"; };
		294A594725B0310E0062ABCF /* utilities.swift */ = {isa = PBXFileReference; lastKnownFileType = sourcecode.swift; path = utilities.swift; sourceTree = "<group>"; };
		294C161A25B1926000BCB7C9 /* IncomeTableViewController.swift */ = {isa = PBXFileReference; lastKnownFileType = sourcecode.swift; path = IncomeTableViewController.swift; sourceTree = "<group>"; };
		29583D5725B08C4F00648543 /* RecentTransactionsCollectionViewCell.swift */ = {isa = PBXFileReference; lastKnownFileType = sourcecode.swift; path = RecentTransactionsCollectionViewCell.swift; sourceTree = "<group>"; };
		296F549225A35C8400D3529D /* AccountCollectionViewCell.swift */ = {isa = PBXFileReference; lastKnownFileType = sourcecode.swift; path = AccountCollectionViewCell.swift; sourceTree = "<group>"; };
		2985C26C25AFF85E0010D887 /* BudgetViewController.swift */ = {isa = PBXFileReference; lastKnownFileType = sourcecode.swift; name = BudgetViewController.swift; path = "personal-finance-app/Controller/BudgetViewController.swift"; sourceTree = SOURCE_ROOT; };
		2985C27425AFFCFD0010D887 /* BudgetListViewController.swift */ = {isa = PBXFileReference; lastKnownFileType = sourcecode.swift; path = BudgetListViewController.swift; sourceTree = "<group>"; };
		2985C28125B0054F0010D887 /* BudgetCollectionViewCell.swift */ = {isa = PBXFileReference; lastKnownFileType = sourcecode.swift; path = BudgetCollectionViewCell.swift; sourceTree = "<group>"; };
		29A3D0FE259B61DE006C13E5 /* DashboardViewController.swift */ = {isa = PBXFileReference; lastKnownFileType = sourcecode.swift; name = DashboardViewController.swift; path = "personal-finance-app/Controller/DashboardViewController.swift"; sourceTree = SOURCE_ROOT; };
		29C5121225AECE08007AFB93 /* SuccessViewController.swift */ = {isa = PBXFileReference; lastKnownFileType = sourcecode.swift; path = SuccessViewController.swift; sourceTree = "<group>"; };
		29F66395259362B8008C48AA /* personal-finance-app.app */ = {isa = PBXFileReference; explicitFileType = wrapper.application; includeInIndex = 0; path = "personal-finance-app.app"; sourceTree = BUILT_PRODUCTS_DIR; };
		29F66398259362B8008C48AA /* AppDelegate.swift */ = {isa = PBXFileReference; lastKnownFileType = sourcecode.swift; path = AppDelegate.swift; sourceTree = "<group>"; };
		29F6639A259362B8008C48AA /* SceneDelegate.swift */ = {isa = PBXFileReference; lastKnownFileType = sourcecode.swift; path = SceneDelegate.swift; sourceTree = "<group>"; };
		29F6639C259362B8008C48AA /* ViewController.swift */ = {isa = PBXFileReference; lastKnownFileType = sourcecode.swift; path = ViewController.swift; sourceTree = "<group>"; };
		29F6639F259362B8008C48AA /* Base */ = {isa = PBXFileReference; lastKnownFileType = file.storyboard; name = Base; path = Base.lproj/Main.storyboard; sourceTree = "<group>"; };
		29F663A2259362B8008C48AA /* personal_finance_app.xcdatamodel */ = {isa = PBXFileReference; lastKnownFileType = wrapper.xcdatamodel; path = personal_finance_app.xcdatamodel; sourceTree = "<group>"; };
		29F663A4259362B9008C48AA /* Assets.xcassets */ = {isa = PBXFileReference; lastKnownFileType = folder.assetcatalog; path = Assets.xcassets; sourceTree = "<group>"; };
		29F663A7259362B9008C48AA /* Base */ = {isa = PBXFileReference; lastKnownFileType = file.storyboard; name = Base; path = Base.lproj/LaunchScreen.storyboard; sourceTree = "<group>"; };
		29F663A9259362B9008C48AA /* Info.plist */ = {isa = PBXFileReference; lastKnownFileType = text.plist.xml; path = Info.plist; sourceTree = "<group>"; };
		29F663AE259362B9008C48AA /* personal-finance-appTests.xctest */ = {isa = PBXFileReference; explicitFileType = wrapper.cfbundle; includeInIndex = 0; path = "personal-finance-appTests.xctest"; sourceTree = BUILT_PRODUCTS_DIR; };
		29F663B2259362B9008C48AA /* personal_finance_appTests.swift */ = {isa = PBXFileReference; lastKnownFileType = sourcecode.swift; path = personal_finance_appTests.swift; sourceTree = "<group>"; };
		29F663B4259362B9008C48AA /* Info.plist */ = {isa = PBXFileReference; lastKnownFileType = text.plist.xml; path = Info.plist; sourceTree = "<group>"; };
		29F663B9259362B9008C48AA /* personal-finance-appUITests.xctest */ = {isa = PBXFileReference; explicitFileType = wrapper.cfbundle; includeInIndex = 0; path = "personal-finance-appUITests.xctest"; sourceTree = BUILT_PRODUCTS_DIR; };
		29F663BD259362B9008C48AA /* personal_finance_appUITests.swift */ = {isa = PBXFileReference; lastKnownFileType = sourcecode.swift; path = personal_finance_appUITests.swift; sourceTree = "<group>"; };
		29F663BF259362B9008C48AA /* Info.plist */ = {isa = PBXFileReference; lastKnownFileType = text.plist.xml; path = Info.plist; sourceTree = "<group>"; };
/* End PBXFileReference section */

/* Begin PBXFrameworksBuildPhase section */
		29F66392259362B8008C48AA /* Frameworks */ = {
			isa = PBXFrameworksBuildPhase;
			buildActionMask = 2147483647;
			files = (
			);
			runOnlyForDeploymentPostprocessing = 0;
		};
		29F663AB259362B9008C48AA /* Frameworks */ = {
			isa = PBXFrameworksBuildPhase;
			buildActionMask = 2147483647;
			files = (
			);
			runOnlyForDeploymentPostprocessing = 0;
		};
		29F663B6259362B9008C48AA /* Frameworks */ = {
			isa = PBXFrameworksBuildPhase;
			buildActionMask = 2147483647;
			files = (
			);
			runOnlyForDeploymentPostprocessing = 0;
		};
/* End PBXFrameworksBuildPhase section */

/* Begin PBXGroup section */
		29A3D0EA259B4E94006C13E5 /* Supporting Files */ = {
			isa = PBXGroup;
			children = (
				29F663A4259362B9008C48AA /* Assets.xcassets */,
				29F663A6259362B9008C48AA /* LaunchScreen.storyboard */,
				294A594725B0310E0062ABCF /* utilities.swift */,
			);
			path = "Supporting Files";
			sourceTree = "<group>";
		};
		29F6638C259362B8008C48AA = {
			isa = PBXGroup;
			children = (
				29F66397259362B8008C48AA /* personal-finance-app */,
				29F663B1259362B9008C48AA /* personal-finance-appTests */,
				29F663BC259362B9008C48AA /* personal-finance-appUITests */,
				29F66396259362B8008C48AA /* Products */,
			);
			sourceTree = "<group>";
		};
		29F66396259362B8008C48AA /* Products */ = {
			isa = PBXGroup;
			children = (
				29F66395259362B8008C48AA /* personal-finance-app.app */,
				29F663AE259362B9008C48AA /* personal-finance-appTests.xctest */,
				29F663B9259362B9008C48AA /* personal-finance-appUITests.xctest */,
			);
			name = Products;
			sourceTree = "<group>";
		};
		29F66397259362B8008C48AA /* personal-finance-app */ = {
			isa = PBXGroup;
			children = (
				29F66398259362B8008C48AA /* AppDelegate.swift */,
				29F6639A259362B8008C48AA /* SceneDelegate.swift */,
				29F663CE2593B7F6008C48AA /* Model */,
				29F663CF2593B80E008C48AA /* View */,
				29F663D02593B816008C48AA /* Controller */,
				29A3D0EA259B4E94006C13E5 /* Supporting Files */,
				29F663A9259362B9008C48AA /* Info.plist */,
			);
			path = "personal-finance-app";
			sourceTree = "<group>";
		};
		29F663B1259362B9008C48AA /* personal-finance-appTests */ = {
			isa = PBXGroup;
			children = (
				29F663B2259362B9008C48AA /* personal_finance_appTests.swift */,
				29F663B4259362B9008C48AA /* Info.plist */,
			);
			path = "personal-finance-appTests";
			sourceTree = "<group>";
		};
		29F663BC259362B9008C48AA /* personal-finance-appUITests */ = {
			isa = PBXGroup;
			children = (
				29F663BD259362B9008C48AA /* personal_finance_appUITests.swift */,
				29F663BF259362B9008C48AA /* Info.plist */,
			);
			path = "personal-finance-appUITests";
			sourceTree = "<group>";
		};
		29F663CE2593B7F6008C48AA /* Model */ = {
			isa = PBXGroup;
			children = (
				29F663A1259362B8008C48AA /* personal_finance_app.xcdatamodeld */,
			);
			path = Model;
			sourceTree = "<group>";
		};
		29F663CF2593B80E008C48AA /* View */ = {
			isa = PBXGroup;
			children = (
				29F6639E259362B8008C48AA /* Main.storyboard */,
			);
			path = View;
			sourceTree = "<group>";
		};
		29F663D02593B816008C48AA /* Controller */ = {
			isa = PBXGroup;
			children = (
				2985C26C25AFF85E0010D887 /* BudgetViewController.swift */,
				2909376F25AF27F7004A0323 /* ExpensesViewController.swift */,
				29C5121225AECE08007AFB93 /* SuccessViewController.swift */,
				11EE89B825AE2ADD007DEFEF /* NewIncomeViewController.swift */,
				1118B11425AE45A800C0D100 /* TabBarController.swift */,
				29A3D0FE259B61DE006C13E5 /* DashboardViewController.swift */,
				296F549225A35C8400D3529D /* AccountCollectionViewCell.swift */,
				2928940F25973BE70094A267 /* NewAccountViewController.swift */,
				29F6639C259362B8008C48AA /* ViewController.swift */,
				2985C27425AFFCFD0010D887 /* BudgetListViewController.swift */,
				2985C28125B0054F0010D887 /* BudgetCollectionViewCell.swift */,
				294A593825B02B640062ABCF /* DebtsViewController.swift */,
				294A593D25B02B960062ABCF /* DebtCollectionViewCell.swift */,
				294A594225B02BAC0062ABCF /* AddDebtViewController.swift */,
				29583D5725B08C4F00648543 /* RecentTransactionsCollectionViewCell.swift */,
				294C161A25B1926000BCB7C9 /* IncomeTableViewController.swift */,
			);
			path = Controller;
			sourceTree = "<group>";
		};
/* End PBXGroup section */

/* Begin PBXNativeTarget section */
		29F66394259362B8008C48AA /* personal-finance-app */ = {
			isa = PBXNativeTarget;
			buildConfigurationList = 29F663C2259362B9008C48AA /* Build configuration list for PBXNativeTarget "personal-finance-app" */;
			buildPhases = (
				29F66391259362B8008C48AA /* Sources */,
				29F66392259362B8008C48AA /* Frameworks */,
				29F66393259362B8008C48AA /* Resources */,
			);
			buildRules = (
			);
			dependencies = (
			);
			name = "personal-finance-app";
			productName = "personal-finance-app";
			productReference = 29F66395259362B8008C48AA /* personal-finance-app.app */;
			productType = "com.apple.product-type.application";
		};
		29F663AD259362B9008C48AA /* personal-finance-appTests */ = {
			isa = PBXNativeTarget;
			buildConfigurationList = 29F663C5259362B9008C48AA /* Build configuration list for PBXNativeTarget "personal-finance-appTests" */;
			buildPhases = (
				29F663AA259362B9008C48AA /* Sources */,
				29F663AB259362B9008C48AA /* Frameworks */,
				29F663AC259362B9008C48AA /* Resources */,
			);
			buildRules = (
			);
			dependencies = (
				29F663B0259362B9008C48AA /* PBXTargetDependency */,
			);
			name = "personal-finance-appTests";
			productName = "personal-finance-appTests";
			productReference = 29F663AE259362B9008C48AA /* personal-finance-appTests.xctest */;
			productType = "com.apple.product-type.bundle.unit-test";
		};
		29F663B8259362B9008C48AA /* personal-finance-appUITests */ = {
			isa = PBXNativeTarget;
			buildConfigurationList = 29F663C8259362B9008C48AA /* Build configuration list for PBXNativeTarget "personal-finance-appUITests" */;
			buildPhases = (
				29F663B5259362B9008C48AA /* Sources */,
				29F663B6259362B9008C48AA /* Frameworks */,
				29F663B7259362B9008C48AA /* Resources */,
			);
			buildRules = (
			);
			dependencies = (
				29F663BB259362B9008C48AA /* PBXTargetDependency */,
			);
			name = "personal-finance-appUITests";
			productName = "personal-finance-appUITests";
			productReference = 29F663B9259362B9008C48AA /* personal-finance-appUITests.xctest */;
			productType = "com.apple.product-type.bundle.ui-testing";
		};
/* End PBXNativeTarget section */

/* Begin PBXProject section */
		29F6638D259362B8008C48AA /* Project object */ = {
			isa = PBXProject;
			attributes = {
				LastSwiftUpdateCheck = 1220;
				LastUpgradeCheck = 1220;
				TargetAttributes = {
					29F66394259362B8008C48AA = {
						CreatedOnToolsVersion = 12.2;
					};
					29F663AD259362B9008C48AA = {
						CreatedOnToolsVersion = 12.2;
						TestTargetID = 29F66394259362B8008C48AA;
					};
					29F663B8259362B9008C48AA = {
						CreatedOnToolsVersion = 12.2;
						TestTargetID = 29F66394259362B8008C48AA;
					};
				};
			};
			buildConfigurationList = 29F66390259362B8008C48AA /* Build configuration list for PBXProject "personal-finance-app" */;
			compatibilityVersion = "Xcode 9.3";
			developmentRegion = en;
			hasScannedForEncodings = 0;
			knownRegions = (
				en,
				Base,
			);
			mainGroup = 29F6638C259362B8008C48AA;
			productRefGroup = 29F66396259362B8008C48AA /* Products */;
			projectDirPath = "";
			projectRoot = "";
			targets = (
				29F66394259362B8008C48AA /* personal-finance-app */,
				29F663AD259362B9008C48AA /* personal-finance-appTests */,
				29F663B8259362B9008C48AA /* personal-finance-appUITests */,
			);
		};
/* End PBXProject section */

/* Begin PBXResourcesBuildPhase section */
		29F66393259362B8008C48AA /* Resources */ = {
			isa = PBXResourcesBuildPhase;
			buildActionMask = 2147483647;
			files = (
				29F663A8259362B9008C48AA /* LaunchScreen.storyboard in Resources */,
				29F663A5259362B9008C48AA /* Assets.xcassets in Resources */,
				29F663A0259362B8008C48AA /* Main.storyboard in Resources */,
			);
			runOnlyForDeploymentPostprocessing = 0;
		};
		29F663AC259362B9008C48AA /* Resources */ = {
			isa = PBXResourcesBuildPhase;
			buildActionMask = 2147483647;
			files = (
			);
			runOnlyForDeploymentPostprocessing = 0;
		};
		29F663B7259362B9008C48AA /* Resources */ = {
			isa = PBXResourcesBuildPhase;
			buildActionMask = 2147483647;
			files = (
			);
			runOnlyForDeploymentPostprocessing = 0;
		};
/* End PBXResourcesBuildPhase section */

/* Begin PBXSourcesBuildPhase section */
		29F66391259362B8008C48AA /* Sources */ = {
			isa = PBXSourcesBuildPhase;
			buildActionMask = 2147483647;
			files = (
				294A594825B0310E0062ABCF /* utilities.swift in Sources */,
				29F663A3259362B8008C48AA /* personal_finance_app.xcdatamodeld in Sources */,
				294A593925B02B640062ABCF /* DebtsViewController.swift in Sources */,
				29A3D0FF259B61DE006C13E5 /* DashboardViewController.swift in Sources */,
				2985C27525AFFCFD0010D887 /* BudgetListViewController.swift in Sources */,
				29F6639D259362B8008C48AA /* ViewController.swift in Sources */,
				2909377025AF27F7004A0323 /* ExpensesViewController.swift in Sources */,
				294A594325B02BAC0062ABCF /* AddDebtViewController.swift in Sources */,
				294C161B25B1926000BCB7C9 /* IncomeTableViewController.swift in Sources */,
				1118B11525AE45A800C0D100 /* TabBarController.swift in Sources */,
				29583D5825B08C4F00648543 /* RecentTransactionsCollectionViewCell.swift in Sources */,
				29F66399259362B8008C48AA /* AppDelegate.swift in Sources */,
				11EE89B925AE2ADD007DEFEF /* NewIncomeViewController.swift in Sources */,
				2985C26D25AFF85E0010D887 /* BudgetViewController.swift in Sources */,
				2928941025973BE70094A267 /* NewAccountViewController.swift in Sources */,
				296F549325A35C8400D3529D /* AccountCollectionViewCell.swift in Sources */,
				29C5121325AECE08007AFB93 /* SuccessViewController.swift in Sources */,
				294A593E25B02B960062ABCF /* DebtCollectionViewCell.swift in Sources */,
				29F6639B259362B8008C48AA /* SceneDelegate.swift in Sources */,
				2985C28225B0054F0010D887 /* BudgetCollectionViewCell.swift in Sources */,
			);
			runOnlyForDeploymentPostprocessing = 0;
		};
		29F663AA259362B9008C48AA /* Sources */ = {
			isa = PBXSourcesBuildPhase;
			buildActionMask = 2147483647;
			files = (
				29F663B3259362B9008C48AA /* personal_finance_appTests.swift in Sources */,
			);
			runOnlyForDeploymentPostprocessing = 0;
		};
		29F663B5259362B9008C48AA /* Sources */ = {
			isa = PBXSourcesBuildPhase;
			buildActionMask = 2147483647;
			files = (
				29F663BE259362B9008C48AA /* personal_finance_appUITests.swift in Sources */,
			);
			runOnlyForDeploymentPostprocessing = 0;
		};
/* End PBXSourcesBuildPhase section */

/* Begin PBXTargetDependency section */
		29F663B0259362B9008C48AA /* PBXTargetDependency */ = {
			isa = PBXTargetDependency;
			target = 29F66394259362B8008C48AA /* personal-finance-app */;
			targetProxy = 29F663AF259362B9008C48AA /* PBXContainerItemProxy */;
		};
		29F663BB259362B9008C48AA /* PBXTargetDependency */ = {
			isa = PBXTargetDependency;
			target = 29F66394259362B8008C48AA /* personal-finance-app */;
			targetProxy = 29F663BA259362B9008C48AA /* PBXContainerItemProxy */;
		};
/* End PBXTargetDependency section */

/* Begin PBXVariantGroup section */
		29F6639E259362B8008C48AA /* Main.storyboard */ = {
			isa = PBXVariantGroup;
			children = (
				29F6639F259362B8008C48AA /* Base */,
			);
			name = Main.storyboard;
			sourceTree = "<group>";
		};
		29F663A6259362B9008C48AA /* LaunchScreen.storyboard */ = {
			isa = PBXVariantGroup;
			children = (
				29F663A7259362B9008C48AA /* Base */,
			);
			name = LaunchScreen.storyboard;
			sourceTree = "<group>";
		};
/* End PBXVariantGroup section */

/* Begin XCBuildConfiguration section */
		29F663C0259362B9008C48AA /* Debug */ = {
			isa = XCBuildConfiguration;
			buildSettings = {
				ALWAYS_SEARCH_USER_PATHS = NO;
				CLANG_ANALYZER_NONNULL = YES;
				CLANG_ANALYZER_NUMBER_OBJECT_CONVERSION = YES_AGGRESSIVE;
				CLANG_CXX_LANGUAGE_STANDARD = "gnu++14";
				CLANG_CXX_LIBRARY = "libc++";
				CLANG_ENABLE_MODULES = YES;
				CLANG_ENABLE_OBJC_ARC = YES;
				CLANG_ENABLE_OBJC_WEAK = YES;
				CLANG_WARN_BLOCK_CAPTURE_AUTORELEASING = YES;
				CLANG_WARN_BOOL_CONVERSION = YES;
				CLANG_WARN_COMMA = YES;
				CLANG_WARN_CONSTANT_CONVERSION = YES;
				CLANG_WARN_DEPRECATED_OBJC_IMPLEMENTATIONS = YES;
				CLANG_WARN_DIRECT_OBJC_ISA_USAGE = YES_ERROR;
				CLANG_WARN_DOCUMENTATION_COMMENTS = YES;
				CLANG_WARN_EMPTY_BODY = YES;
				CLANG_WARN_ENUM_CONVERSION = YES;
				CLANG_WARN_INFINITE_RECURSION = YES;
				CLANG_WARN_INT_CONVERSION = YES;
				CLANG_WARN_NON_LITERAL_NULL_CONVERSION = YES;
				CLANG_WARN_OBJC_IMPLICIT_RETAIN_SELF = YES;
				CLANG_WARN_OBJC_LITERAL_CONVERSION = YES;
				CLANG_WARN_OBJC_ROOT_CLASS = YES_ERROR;
				CLANG_WARN_QUOTED_INCLUDE_IN_FRAMEWORK_HEADER = YES;
				CLANG_WARN_RANGE_LOOP_ANALYSIS = YES;
				CLANG_WARN_STRICT_PROTOTYPES = YES;
				CLANG_WARN_SUSPICIOUS_MOVE = YES;
				CLANG_WARN_UNGUARDED_AVAILABILITY = YES_AGGRESSIVE;
				CLANG_WARN_UNREACHABLE_CODE = YES;
				CLANG_WARN__DUPLICATE_METHOD_MATCH = YES;
				COPY_PHASE_STRIP = NO;
				DEBUG_INFORMATION_FORMAT = dwarf;
				ENABLE_STRICT_OBJC_MSGSEND = YES;
				ENABLE_TESTABILITY = YES;
				GCC_C_LANGUAGE_STANDARD = gnu11;
				GCC_DYNAMIC_NO_PIC = NO;
				GCC_NO_COMMON_BLOCKS = YES;
				GCC_OPTIMIZATION_LEVEL = 0;
				GCC_PREPROCESSOR_DEFINITIONS = (
					"DEBUG=1",
					"$(inherited)",
				);
				GCC_WARN_64_TO_32_BIT_CONVERSION = YES;
				GCC_WARN_ABOUT_RETURN_TYPE = YES_ERROR;
				GCC_WARN_UNDECLARED_SELECTOR = YES;
				GCC_WARN_UNINITIALIZED_AUTOS = YES_AGGRESSIVE;
				GCC_WARN_UNUSED_FUNCTION = YES;
				GCC_WARN_UNUSED_VARIABLE = YES;
				IPHONEOS_DEPLOYMENT_TARGET = 14.2;
				MTL_ENABLE_DEBUG_INFO = INCLUDE_SOURCE;
				MTL_FAST_MATH = YES;
				ONLY_ACTIVE_ARCH = YES;
				SDKROOT = iphoneos;
				SWIFT_ACTIVE_COMPILATION_CONDITIONS = DEBUG;
				SWIFT_OPTIMIZATION_LEVEL = "-Onone";
			};
			name = Debug;
		};
		29F663C1259362B9008C48AA /* Release */ = {
			isa = XCBuildConfiguration;
			buildSettings = {
				ALWAYS_SEARCH_USER_PATHS = NO;
				CLANG_ANALYZER_NONNULL = YES;
				CLANG_ANALYZER_NUMBER_OBJECT_CONVERSION = YES_AGGRESSIVE;
				CLANG_CXX_LANGUAGE_STANDARD = "gnu++14";
				CLANG_CXX_LIBRARY = "libc++";
				CLANG_ENABLE_MODULES = YES;
				CLANG_ENABLE_OBJC_ARC = YES;
				CLANG_ENABLE_OBJC_WEAK = YES;
				CLANG_WARN_BLOCK_CAPTURE_AUTORELEASING = YES;
				CLANG_WARN_BOOL_CONVERSION = YES;
				CLANG_WARN_COMMA = YES;
				CLANG_WARN_CONSTANT_CONVERSION = YES;
				CLANG_WARN_DEPRECATED_OBJC_IMPLEMENTATIONS = YES;
				CLANG_WARN_DIRECT_OBJC_ISA_USAGE = YES_ERROR;
				CLANG_WARN_DOCUMENTATION_COMMENTS = YES;
				CLANG_WARN_EMPTY_BODY = YES;
				CLANG_WARN_ENUM_CONVERSION = YES;
				CLANG_WARN_INFINITE_RECURSION = YES;
				CLANG_WARN_INT_CONVERSION = YES;
				CLANG_WARN_NON_LITERAL_NULL_CONVERSION = YES;
				CLANG_WARN_OBJC_IMPLICIT_RETAIN_SELF = YES;
				CLANG_WARN_OBJC_LITERAL_CONVERSION = YES;
				CLANG_WARN_OBJC_ROOT_CLASS = YES_ERROR;
				CLANG_WARN_QUOTED_INCLUDE_IN_FRAMEWORK_HEADER = YES;
				CLANG_WARN_RANGE_LOOP_ANALYSIS = YES;
				CLANG_WARN_STRICT_PROTOTYPES = YES;
				CLANG_WARN_SUSPICIOUS_MOVE = YES;
				CLANG_WARN_UNGUARDED_AVAILABILITY = YES_AGGRESSIVE;
				CLANG_WARN_UNREACHABLE_CODE = YES;
				CLANG_WARN__DUPLICATE_METHOD_MATCH = YES;
				COPY_PHASE_STRIP = NO;
				DEBUG_INFORMATION_FORMAT = "dwarf-with-dsym";
				ENABLE_NS_ASSERTIONS = NO;
				ENABLE_STRICT_OBJC_MSGSEND = YES;
				GCC_C_LANGUAGE_STANDARD = gnu11;
				GCC_NO_COMMON_BLOCKS = YES;
				GCC_WARN_64_TO_32_BIT_CONVERSION = YES;
				GCC_WARN_ABOUT_RETURN_TYPE = YES_ERROR;
				GCC_WARN_UNDECLARED_SELECTOR = YES;
				GCC_WARN_UNINITIALIZED_AUTOS = YES_AGGRESSIVE;
				GCC_WARN_UNUSED_FUNCTION = YES;
				GCC_WARN_UNUSED_VARIABLE = YES;
				IPHONEOS_DEPLOYMENT_TARGET = 14.2;
				MTL_ENABLE_DEBUG_INFO = NO;
				MTL_FAST_MATH = YES;
				SDKROOT = iphoneos;
				SWIFT_COMPILATION_MODE = wholemodule;
				SWIFT_OPTIMIZATION_LEVEL = "-O";
				VALIDATE_PRODUCT = YES;
			};
			name = Release;
		};
		29F663C3259362B9008C48AA /* Debug */ = {
			isa = XCBuildConfiguration;
			buildSettings = {
				ASSETCATALOG_COMPILER_APPICON_NAME = AppIcon;
				ASSETCATALOG_COMPILER_GLOBAL_ACCENT_COLOR_NAME = AccentColor;
				CODE_SIGN_STYLE = Automatic;
				INFOPLIST_FILE = "personal-finance-app/Info.plist";
				LD_RUNPATH_SEARCH_PATHS = (
					"$(inherited)",
					"@executable_path/Frameworks",
				);
				PRODUCT_BUNDLE_IDENTIFIER = "com.personalfinance.personal-finance-app";
				PRODUCT_NAME = "$(TARGET_NAME)";
				SWIFT_VERSION = 5.0;
				TARGETED_DEVICE_FAMILY = "1,2";
			};
			name = Debug;
		};
		29F663C4259362B9008C48AA /* Release */ = {
			isa = XCBuildConfiguration;
			buildSettings = {
				ASSETCATALOG_COMPILER_APPICON_NAME = AppIcon;
				ASSETCATALOG_COMPILER_GLOBAL_ACCENT_COLOR_NAME = AccentColor;
				CODE_SIGN_STYLE = Automatic;
				INFOPLIST_FILE = "personal-finance-app/Info.plist";
				LD_RUNPATH_SEARCH_PATHS = (
					"$(inherited)",
					"@executable_path/Frameworks",
				);
				PRODUCT_BUNDLE_IDENTIFIER = "com.personalfinance.personal-finance-app";
				PRODUCT_NAME = "$(TARGET_NAME)";
				SWIFT_VERSION = 5.0;
				TARGETED_DEVICE_FAMILY = "1,2";
			};
			name = Release;
		};
		29F663C6259362B9008C48AA /* Debug */ = {
			isa = XCBuildConfiguration;
			buildSettings = {
				ALWAYS_EMBED_SWIFT_STANDARD_LIBRARIES = YES;
				BUNDLE_LOADER = "$(TEST_HOST)";
				CODE_SIGN_STYLE = Automatic;
				INFOPLIST_FILE = "personal-finance-appTests/Info.plist";
				IPHONEOS_DEPLOYMENT_TARGET = 14.2;
				LD_RUNPATH_SEARCH_PATHS = (
					"$(inherited)",
					"@executable_path/Frameworks",
					"@loader_path/Frameworks",
				);
				PRODUCT_BUNDLE_IDENTIFIER = "com.personalfinance.personal-finance-appTests";
				PRODUCT_NAME = "$(TARGET_NAME)";
				SWIFT_VERSION = 5.0;
				TARGETED_DEVICE_FAMILY = "1,2";
				TEST_HOST = "$(BUILT_PRODUCTS_DIR)/personal-finance-app.app/personal-finance-app";
			};
			name = Debug;
		};
		29F663C7259362B9008C48AA /* Release */ = {
			isa = XCBuildConfiguration;
			buildSettings = {
				ALWAYS_EMBED_SWIFT_STANDARD_LIBRARIES = YES;
				BUNDLE_LOADER = "$(TEST_HOST)";
				CODE_SIGN_STYLE = Automatic;
				INFOPLIST_FILE = "personal-finance-appTests/Info.plist";
				IPHONEOS_DEPLOYMENT_TARGET = 14.2;
				LD_RUNPATH_SEARCH_PATHS = (
					"$(inherited)",
					"@executable_path/Frameworks",
					"@loader_path/Frameworks",
				);
				PRODUCT_BUNDLE_IDENTIFIER = "com.personalfinance.personal-finance-appTests";
				PRODUCT_NAME = "$(TARGET_NAME)";
				SWIFT_VERSION = 5.0;
				TARGETED_DEVICE_FAMILY = "1,2";
				TEST_HOST = "$(BUILT_PRODUCTS_DIR)/personal-finance-app.app/personal-finance-app";
			};
			name = Release;
		};
		29F663C9259362B9008C48AA /* Debug */ = {
			isa = XCBuildConfiguration;
			buildSettings = {
				ALWAYS_EMBED_SWIFT_STANDARD_LIBRARIES = YES;
				CODE_SIGN_STYLE = Automatic;
				INFOPLIST_FILE = "personal-finance-appUITests/Info.plist";
				LD_RUNPATH_SEARCH_PATHS = (
					"$(inherited)",
					"@executable_path/Frameworks",
					"@loader_path/Frameworks",
				);
				PRODUCT_BUNDLE_IDENTIFIER = "com.personalfinance.personal-finance-appUITests";
				PRODUCT_NAME = "$(TARGET_NAME)";
				SWIFT_VERSION = 5.0;
				TARGETED_DEVICE_FAMILY = "1,2";
				TEST_TARGET_NAME = "personal-finance-app";
			};
			name = Debug;
		};
		29F663CA259362B9008C48AA /* Release */ = {
			isa = XCBuildConfiguration;
			buildSettings = {
				ALWAYS_EMBED_SWIFT_STANDARD_LIBRARIES = YES;
				CODE_SIGN_STYLE = Automatic;
				INFOPLIST_FILE = "personal-finance-appUITests/Info.plist";
				LD_RUNPATH_SEARCH_PATHS = (
					"$(inherited)",
					"@executable_path/Frameworks",
					"@loader_path/Frameworks",
				);
				PRODUCT_BUNDLE_IDENTIFIER = "com.personalfinance.personal-finance-appUITests";
				PRODUCT_NAME = "$(TARGET_NAME)";
				SWIFT_VERSION = 5.0;
				TARGETED_DEVICE_FAMILY = "1,2";
				TEST_TARGET_NAME = "personal-finance-app";
			};
			name = Release;
		};
/* End XCBuildConfiguration section */

/* Begin XCConfigurationList section */
		29F66390259362B8008C48AA /* Build configuration list for PBXProject "personal-finance-app" */ = {
			isa = XCConfigurationList;
			buildConfigurations = (
				29F663C0259362B9008C48AA /* Debug */,
				29F663C1259362B9008C48AA /* Release */,
			);
			defaultConfigurationIsVisible = 0;
			defaultConfigurationName = Release;
		};
		29F663C2259362B9008C48AA /* Build configuration list for PBXNativeTarget "personal-finance-app" */ = {
			isa = XCConfigurationList;
			buildConfigurations = (
				29F663C3259362B9008C48AA /* Debug */,
				29F663C4259362B9008C48AA /* Release */,
			);
			defaultConfigurationIsVisible = 0;
			defaultConfigurationName = Release;
		};
		29F663C5259362B9008C48AA /* Build configuration list for PBXNativeTarget "personal-finance-appTests" */ = {
			isa = XCConfigurationList;
			buildConfigurations = (
				29F663C6259362B9008C48AA /* Debug */,
				29F663C7259362B9008C48AA /* Release */,
			);
			defaultConfigurationIsVisible = 0;
			defaultConfigurationName = Release;
		};
		29F663C8259362B9008C48AA /* Build configuration list for PBXNativeTarget "personal-finance-appUITests" */ = {
			isa = XCConfigurationList;
			buildConfigurations = (
				29F663C9259362B9008C48AA /* Debug */,
				29F663CA259362B9008C48AA /* Release */,
			);
			defaultConfigurationIsVisible = 0;
			defaultConfigurationName = Release;
		};
/* End XCConfigurationList section */

/* Begin XCVersionGroup section */
		29F663A1259362B8008C48AA /* personal_finance_app.xcdatamodeld */ = {
			isa = XCVersionGroup;
			children = (
				29F663A2259362B8008C48AA /* personal_finance_app.xcdatamodel */,
			);
			currentVersion = 29F663A2259362B8008C48AA /* personal_finance_app.xcdatamodel */;
			path = personal_finance_app.xcdatamodeld;
			sourceTree = "<group>";
			versionGroupType = wrapper.xcdatamodel;
		};
/* End XCVersionGroup section */
	};
	rootObject = 29F6638D259362B8008C48AA /* Project object */;
}
